
Microsoft Visual Studio Solution File, Format Version 12.00
# Visual Studio Version 17
VisualStudioVersion = 17.9.34622.214
MinimumVisualStudioVersion = 10.0.40219.1
Project("{9A19103F-16F7-4668-BE54-9A1E7A4F7556}") = "MarketManagement.Web", "MarketManagement.Web\MarketManagement.Web.csproj", "{419B8CF5-7204-4375-9EED-A937AF956FA7}"
EndProject
Project("{FAE04EC0-301F-11D3-BF4B-00C04F79EFBC}") = "MarketManagement.Core", "MarketManagement.Core\MarketManagement.Core.csproj", "{6424FC09-D02C-439C-A716-DB10D962E4CE}"
EndProject
Project("{FAE04EC0-301F-11D3-BF4B-00C04F79EFBC}") = "MarketManagement.Data", "MarketManagement.Data\MarketManagement.Data.csproj", "{0483FBCB-EBEE-44B9-BF64-EF1B8A9C3609}"
EndProject
Global
	GlobalSection(SolutionConfigurationPlatforms) = preSolution
		Debug|Any CPU = Debug|Any CPU
		Release|Any CPU = Release|Any CPU
	EndGlobalSection
	GlobalSection(ProjectConfigurationPlatforms) = postSolution
		{419B8CF5-7204-4375-9EED-A937AF956FA7}.Debug|Any CPU.ActiveCfg = Debug|Any CPU
		{419B8CF5-7204-4375-9EED-A937AF956FA7}.Debug|Any CPU.Build.0 = Debug|Any CPU
		{419B8CF5-7204-4375-9EED-A937AF956FA7}.Release|Any CPU.ActiveCfg = Release|Any CPU
		{419B8CF5-7204-4375-9EED-A937AF956FA7}.Release|Any CPU.Build.0 = Release|Any CPU
		{6424FC09-D02C-439C-A716-DB10D962E4CE}.Debug|Any CPU.ActiveCfg = Debug|Any CPU
		{6424FC09-D02C-439C-A716-DB10D962E4CE}.Debug|Any CPU.Build.0 = Debug|Any CPU
		{6424FC09-D02C-439C-A716-DB10D962E4CE}.Release|Any CPU.ActiveCfg = Release|Any CPU
		{6424FC09-D02C-439C-A716-DB10D962E4CE}.Release|Any CPU.Build.0 = Release|Any CPU
		{0483FBCB-EBEE-44B9-BF64-EF1B8A9C3609}.Debug|Any CPU.ActiveCfg = Debug|Any CPU
		{0483FBCB-EBEE-44B9-BF64-EF1B8A9C3609}.Debug|Any CPU.Build.0 = Debug|Any CPU
		{0483FBCB-EBEE-44B9-BF64-EF1B8A9C3609}.Release|Any CPU.ActiveCfg = Release|Any CPU
		{0483FBCB-EBEE-44B9-BF64-EF1B8A9C3609}.Release|Any CPU.Build.0 = Release|Any CPU
	EndGlobalSection
	GlobalSection(SolutionProperties) = preSolution
		HideSolutionNode = FALSE
	EndGlobalSection
	GlobalSection(ExtensibilityGlobals) = postSolution
		SolutionGuid = {A9F5C4B9-8795-4418-8701-CA46266A5334}
	EndGlobalSection
EndGlobal
